
Microsoft Visual Studio Solution File, Format Version 11.00
# Visual Studio 2010
Project("{8BC9CEB8-8B4A-11D0-8D11-00A0C91BC942}") = "ReactorLib", "Reactor.vcxproj", "{153A1686-C731-4DEE-8FB1-F3E2301E8AFD}"
EndProject
Project("{8BC9CEB8-8B4A-11D0-8D11-00A0C91BC942}") = "ReactorDLL", "ReactorDLL.vcxproj", "{58FD2C5B-30CE-4FF1-A401-5087C0689418}"
	ProjectSection(ProjectDependencies) = postProject
		{153A1686-C731-4DEE-8FB1-F3E2301E8AFD} = {153A1686-C731-4DEE-8FB1-F3E2301E8AFD}
	EndProjectSection
EndProject
Global
	GlobalSection(SolutionConfigurationPlatforms) = preSolution
		Debug|Win32 = Debug|Win32
		Release|Win32 = Release|Win32
	EndGlobalSection
	GlobalSection(ProjectConfigurationPlatforms) = postSolution
		{153A1686-C731-4DEE-8FB1-F3E2301E8AFD}.Debug|Win32.ActiveCfg = Debug|Win32
		{153A1686-C731-4DEE-8FB1-F3E2301E8AFD}.Debug|Win32.Build.0 = Debug|Win32
		{153A1686-C731-4DEE-8FB1-F3E2301E8AFD}.Release|Win32.ActiveCfg = Release|Win32
		{153A1686-C731-4DEE-8FB1-F3E2301E8AFD}.Release|Win32.Build.0 = Release|Win32
		{58FD2C5B-30CE-4FF1-A401-5087C0689418}.Debug|Win32.ActiveCfg = Debug|Win32
		{58FD2C5B-30CE-4FF1-A401-5087C0689418}.Debug|Win32.Build.0 = Debug|Win32
		{58FD2C5B-30CE-4FF1-A401-5087C0689418}.Release|Win32.ActiveCfg = Release|Win32
		{58FD2C5B-30CE-4FF1-A401-5087C0689418}.Release|Win32.Build.0 = Release|Win32
	EndGlobalSection
	GlobalSection(SolutionProperties) = preSolution
		HideSolutionNode = FALSE
	EndGlobalSection
EndGlobal
