
Microsoft Visual Studio Solution File, Format Version 10.00
# Visual Studio 2008
Project("{FAE04EC0-301F-11D3-BF4B-00C04F79EFBC}") = "Reactor3D", "Reactor3D\Reactor3D.csproj", "{40BC8E8A-92C1-4DBC-8129-E6C8E7FFA496}"
EndProject
Project("{FAE04EC0-301F-11D3-BF4B-00C04F79EFBC}") = "WinGame", "WinGame\WinGame.csproj", "{1FA2A271-F5C7-454F-8337-F744F5746FD6}"
EndProject
Project("{FAE04EC0-301F-11D3-BF4B-00C04F79EFBC}") = "ReactorContent", "ReactorContent\ReactorContent.csproj", "{BED08D34-6453-4193-AF71-FE4CE8EC54E2}"
EndProject
Project("{FAE04EC0-301F-11D3-BF4B-00C04F79EFBC}") = "ReactorContentImporter", "ReactorContentImporter\ReactorContentImporter.csproj", "{F584AC5A-AA91-4878-BFAB-B1526E5DEEBC}"
EndProject
Project("{FAE04EC0-301F-11D3-BF4B-00C04F79EFBC}") = "Xbox 360 Copy of ReactorContent", "ReactorContent\Xbox 360 Copy of ReactorContent.csproj", "{15E8D1EC-544B-4D44-BB19-8B15E695E937}"
EndProject
Project("{FAE04EC0-301F-11D3-BF4B-00C04F79EFBC}") = "Xbox 360 Copy of Reactor3D", "Reactor3D\Xbox 360 Copy of Reactor3D.csproj", "{C5C0B2E8-3E8E-481C-8921-58C511AB85B6}"
EndProject
Project("{FAE04EC0-301F-11D3-BF4B-00C04F79EFBC}") = "Xbox 360 Copy of WinGame", "WinGame\Xbox 360 Copy of WinGame.csproj", "{DDFED2B3-DDA2-4F74-A04F-B49470055DE6}"
EndProject
Project("{FAE04EC0-301F-11D3-BF4B-00C04F79EFBC}") = "ReactorWPF", "ReactorWPF\ReactorWPF.csproj", "{658C2D23-985A-4694-A97A-263553375F2D}"
EndProject
Global
	GlobalSection(SolutionConfigurationPlatforms) = preSolution
		Debug|Any CPU = Debug|Any CPU
		Debug|Mixed Platforms = Debug|Mixed Platforms
		Debug|x86 = Debug|x86
		Debug|Xbox 360 = Debug|Xbox 360
		Debug|Zune = Debug|Zune
		Release|Any CPU = Release|Any CPU
		Release|Mixed Platforms = Release|Mixed Platforms
		Release|x86 = Release|x86
		Release|Xbox 360 = Release|Xbox 360
		Release|Zune = Release|Zune
	EndGlobalSection
	GlobalSection(ProjectConfigurationPlatforms) = postSolution
		{40BC8E8A-92C1-4DBC-8129-E6C8E7FFA496}.Debug|Any CPU.ActiveCfg = Debug|x86
		{40BC8E8A-92C1-4DBC-8129-E6C8E7FFA496}.Debug|Mixed Platforms.ActiveCfg = Debug|x86
		{40BC8E8A-92C1-4DBC-8129-E6C8E7FFA496}.Debug|Mixed Platforms.Build.0 = Debug|x86
		{40BC8E8A-92C1-4DBC-8129-E6C8E7FFA496}.Debug|x86.ActiveCfg = Debug|x86
		{40BC8E8A-92C1-4DBC-8129-E6C8E7FFA496}.Debug|x86.Build.0 = Debug|x86
		{40BC8E8A-92C1-4DBC-8129-E6C8E7FFA496}.Debug|Xbox 360.ActiveCfg = Debug|x86
		{40BC8E8A-92C1-4DBC-8129-E6C8E7FFA496}.Debug|Zune.ActiveCfg = Debug|x86
		{40BC8E8A-92C1-4DBC-8129-E6C8E7FFA496}.Release|Any CPU.ActiveCfg = Release|x86
		{40BC8E8A-92C1-4DBC-8129-E6C8E7FFA496}.Release|Mixed Platforms.ActiveCfg = Release|x86
		{40BC8E8A-92C1-4DBC-8129-E6C8E7FFA496}.Release|Mixed Platforms.Build.0 = Release|x86
		{40BC8E8A-92C1-4DBC-8129-E6C8E7FFA496}.Release|x86.ActiveCfg = Release|x86
		{40BC8E8A-92C1-4DBC-8129-E6C8E7FFA496}.Release|x86.Build.0 = Release|x86
		{40BC8E8A-92C1-4DBC-8129-E6C8E7FFA496}.Release|Xbox 360.ActiveCfg = Release|x86
		{40BC8E8A-92C1-4DBC-8129-E6C8E7FFA496}.Release|Zune.ActiveCfg = Release|x86
		{1FA2A271-F5C7-454F-8337-F744F5746FD6}.Debug|Any CPU.ActiveCfg = Debug|x86
		{1FA2A271-F5C7-454F-8337-F744F5746FD6}.Debug|Mixed Platforms.ActiveCfg = Debug|x86
		{1FA2A271-F5C7-454F-8337-F744F5746FD6}.Debug|Mixed Platforms.Build.0 = Debug|x86
		{1FA2A271-F5C7-454F-8337-F744F5746FD6}.Debug|x86.ActiveCfg = Debug|x86
		{1FA2A271-F5C7-454F-8337-F744F5746FD6}.Debug|x86.Build.0 = Debug|x86
		{1FA2A271-F5C7-454F-8337-F744F5746FD6}.Debug|Xbox 360.ActiveCfg = Debug|x86
		{1FA2A271-F5C7-454F-8337-F744F5746FD6}.Debug|Zune.ActiveCfg = Debug|x86
		{1FA2A271-F5C7-454F-8337-F744F5746FD6}.Release|Any CPU.ActiveCfg = Release|x86
		{1FA2A271-F5C7-454F-8337-F744F5746FD6}.Release|Mixed Platforms.ActiveCfg = Release|x86
		{1FA2A271-F5C7-454F-8337-F744F5746FD6}.Release|Mixed Platforms.Build.0 = Release|x86
		{1FA2A271-F5C7-454F-8337-F744F5746FD6}.Release|x86.ActiveCfg = Release|x86
		{1FA2A271-F5C7-454F-8337-F744F5746FD6}.Release|x86.Build.0 = Release|x86
		{1FA2A271-F5C7-454F-8337-F744F5746FD6}.Release|Xbox 360.ActiveCfg = Release|x86
		{1FA2A271-F5C7-454F-8337-F744F5746FD6}.Release|Zune.ActiveCfg = Release|x86
		{BED08D34-6453-4193-AF71-FE4CE8EC54E2}.Debug|Any CPU.ActiveCfg = Debug|x86
		{BED08D34-6453-4193-AF71-FE4CE8EC54E2}.Debug|Mixed Platforms.ActiveCfg = Debug|x86
		{BED08D34-6453-4193-AF71-FE4CE8EC54E2}.Debug|Mixed Platforms.Build.0 = Debug|x86
		{BED08D34-6453-4193-AF71-FE4CE8EC54E2}.Debug|x86.ActiveCfg = Debug|x86
		{BED08D34-6453-4193-AF71-FE4CE8EC54E2}.Debug|x86.Build.0 = Debug|x86
		{BED08D34-6453-4193-AF71-FE4CE8EC54E2}.Debug|Xbox 360.ActiveCfg = Debug|x86
		{BED08D34-6453-4193-AF71-FE4CE8EC54E2}.Debug|Zune.ActiveCfg = Debug|x86
		{BED08D34-6453-4193-AF71-FE4CE8EC54E2}.Release|Any CPU.ActiveCfg = Release|x86
		{BED08D34-6453-4193-AF71-FE4CE8EC54E2}.Release|Mixed Platforms.ActiveCfg = Release|x86
		{BED08D34-6453-4193-AF71-FE4CE8EC54E2}.Release|Mixed Platforms.Build.0 = Release|x86
		{BED08D34-6453-4193-AF71-FE4CE8EC54E2}.Release|x86.ActiveCfg = Release|x86
		{BED08D34-6453-4193-AF71-FE4CE8EC54E2}.Release|x86.Build.0 = Release|x86
		{BED08D34-6453-4193-AF71-FE4CE8EC54E2}.Release|Xbox 360.ActiveCfg = Release|x86
		{BED08D34-6453-4193-AF71-FE4CE8EC54E2}.Release|Zune.ActiveCfg = Release|x86
		{F584AC5A-AA91-4878-BFAB-B1526E5DEEBC}.Debug|Any CPU.ActiveCfg = Debug|x86
		{F584AC5A-AA91-4878-BFAB-B1526E5DEEBC}.Debug|Mixed Platforms.ActiveCfg = Debug|x86
		{F584AC5A-AA91-4878-BFAB-B1526E5DEEBC}.Debug|Mixed Platforms.Build.0 = Debug|x86
		{F584AC5A-AA91-4878-BFAB-B1526E5DEEBC}.Debug|x86.ActiveCfg = Debug|x86
		{F584AC5A-AA91-4878-BFAB-B1526E5DEEBC}.Debug|x86.Build.0 = Debug|x86
		{F584AC5A-AA91-4878-BFAB-B1526E5DEEBC}.Debug|Xbox 360.ActiveCfg = Debug|x86
		{F584AC5A-AA91-4878-BFAB-B1526E5DEEBC}.Debug|Zune.ActiveCfg = Debug|x86
		{F584AC5A-AA91-4878-BFAB-B1526E5DEEBC}.Release|Any CPU.ActiveCfg = Release|x86
		{F584AC5A-AA91-4878-BFAB-B1526E5DEEBC}.Release|Mixed Platforms.ActiveCfg = Release|x86
		{F584AC5A-AA91-4878-BFAB-B1526E5DEEBC}.Release|Mixed Platforms.Build.0 = Release|x86
		{F584AC5A-AA91-4878-BFAB-B1526E5DEEBC}.Release|x86.ActiveCfg = Release|x86
		{F584AC5A-AA91-4878-BFAB-B1526E5DEEBC}.Release|x86.Build.0 = Release|x86
		{F584AC5A-AA91-4878-BFAB-B1526E5DEEBC}.Release|Xbox 360.ActiveCfg = Release|x86
		{F584AC5A-AA91-4878-BFAB-B1526E5DEEBC}.Release|Zune.ActiveCfg = Release|x86
		{15E8D1EC-544B-4D44-BB19-8B15E695E937}.Debug|Any CPU.ActiveCfg = Debug|Xbox 360
		{15E8D1EC-544B-4D44-BB19-8B15E695E937}.Debug|Mixed Platforms.ActiveCfg = Debug|Xbox 360
		{15E8D1EC-544B-4D44-BB19-8B15E695E937}.Debug|Mixed Platforms.Build.0 = Debug|Xbox 360
		{15E8D1EC-544B-4D44-BB19-8B15E695E937}.Debug|x86.ActiveCfg = Debug|Xbox 360
		{15E8D1EC-544B-4D44-BB19-8B15E695E937}.Debug|Xbox 360.ActiveCfg = Debug|Xbox 360
		{15E8D1EC-544B-4D44-BB19-8B15E695E937}.Debug|Xbox 360.Build.0 = Debug|Xbox 360
		{15E8D1EC-544B-4D44-BB19-8B15E695E937}.Debug|Zune.ActiveCfg = Debug|Xbox 360
		{15E8D1EC-544B-4D44-BB19-8B15E695E937}.Release|Any CPU.ActiveCfg = Release|Xbox 360
		{15E8D1EC-544B-4D44-BB19-8B15E695E937}.Release|Mixed Platforms.ActiveCfg = Release|Xbox 360
		{15E8D1EC-544B-4D44-BB19-8B15E695E937}.Release|Mixed Platforms.Build.0 = Release|Xbox 360
		{15E8D1EC-544B-4D44-BB19-8B15E695E937}.Release|x86.ActiveCfg = Release|Xbox 360
		{15E8D1EC-544B-4D44-BB19-8B15E695E937}.Release|Xbox 360.ActiveCfg = Release|Xbox 360
		{15E8D1EC-544B-4D44-BB19-8B15E695E937}.Release|Xbox 360.Build.0 = Release|Xbox 360
		{15E8D1EC-544B-4D44-BB19-8B15E695E937}.Release|Zune.ActiveCfg = Release|Xbox 360
		{C5C0B2E8-3E8E-481C-8921-58C511AB85B6}.Debug|Any CPU.ActiveCfg = Debug|Xbox 360
		{C5C0B2E8-3E8E-481C-8921-58C511AB85B6}.Debug|Mixed Platforms.ActiveCfg = Debug|Xbox 360
		{C5C0B2E8-3E8E-481C-8921-58C511AB85B6}.Debug|Mixed Platforms.Build.0 = Debug|Xbox 360
		{C5C0B2E8-3E8E-481C-8921-58C511AB85B6}.Debug|x86.ActiveCfg = Debug|Xbox 360
		{C5C0B2E8-3E8E-481C-8921-58C511AB85B6}.Debug|Xbox 360.ActiveCfg = Debug|Xbox 360
		{C5C0B2E8-3E8E-481C-8921-58C511AB85B6}.Debug|Xbox 360.Build.0 = Debug|Xbox 360
		{C5C0B2E8-3E8E-481C-8921-58C511AB85B6}.Debug|Zune.ActiveCfg = Debug|Xbox 360
		{C5C0B2E8-3E8E-481C-8921-58C511AB85B6}.Release|Any CPU.ActiveCfg = Release|Xbox 360
		{C5C0B2E8-3E8E-481C-8921-58C511AB85B6}.Release|Mixed Platforms.ActiveCfg = Release|Xbox 360
		{C5C0B2E8-3E8E-481C-8921-58C511AB85B6}.Release|Mixed Platforms.Build.0 = Release|Xbox 360
		{C5C0B2E8-3E8E-481C-8921-58C511AB85B6}.Release|x86.ActiveCfg = Release|Xbox 360
		{C5C0B2E8-3E8E-481C-8921-58C511AB85B6}.Release|Xbox 360.ActiveCfg = Release|Xbox 360
		{C5C0B2E8-3E8E-481C-8921-58C511AB85B6}.Release|Xbox 360.Build.0 = Release|Xbox 360
		{C5C0B2E8-3E8E-481C-8921-58C511AB85B6}.Release|Zune.ActiveCfg = Release|Xbox 360
		{DDFED2B3-DDA2-4F74-A04F-B49470055DE6}.Debug|Any CPU.ActiveCfg = Debug|Xbox 360
		{DDFED2B3-DDA2-4F74-A04F-B49470055DE6}.Debug|Mixed Platforms.ActiveCfg = Debug|Xbox 360
		{DDFED2B3-DDA2-4F74-A04F-B49470055DE6}.Debug|Mixed Platforms.Build.0 = Debug|Xbox 360
		{DDFED2B3-DDA2-4F74-A04F-B49470055DE6}.Debug|Mixed Platforms.Deploy.0 = Debug|Xbox 360
		{DDFED2B3-DDA2-4F74-A04F-B49470055DE6}.Debug|x86.ActiveCfg = Debug|Xbox 360
		{DDFED2B3-DDA2-4F74-A04F-B49470055DE6}.Debug|Xbox 360.ActiveCfg = Debug|Xbox 360
		{DDFED2B3-DDA2-4F74-A04F-B49470055DE6}.Debug|Xbox 360.Build.0 = Debug|Xbox 360
		{DDFED2B3-DDA2-4F74-A04F-B49470055DE6}.Debug|Xbox 360.Deploy.0 = Debug|Xbox 360
		{DDFED2B3-DDA2-4F74-A04F-B49470055DE6}.Debug|Zune.ActiveCfg = Debug|Xbox 360
		{DDFED2B3-DDA2-4F74-A04F-B49470055DE6}.Release|Any CPU.ActiveCfg = Release|Xbox 360
		{DDFED2B3-DDA2-4F74-A04F-B49470055DE6}.Release|Mixed Platforms.ActiveCfg = Release|Xbox 360
		{DDFED2B3-DDA2-4F74-A04F-B49470055DE6}.Release|Mixed Platforms.Build.0 = Release|Xbox 360
		{DDFED2B3-DDA2-4F74-A04F-B49470055DE6}.Release|Mixed Platforms.Deploy.0 = Release|Xbox 360
		{DDFED2B3-DDA2-4F74-A04F-B49470055DE6}.Release|x86.ActiveCfg = Release|Xbox 360
		{DDFED2B3-DDA2-4F74-A04F-B49470055DE6}.Release|Xbox 360.ActiveCfg = Release|Xbox 360
		{DDFED2B3-DDA2-4F74-A04F-B49470055DE6}.Release|Xbox 360.Build.0 = Release|Xbox 360
		{DDFED2B3-DDA2-4F74-A04F-B49470055DE6}.Release|Xbox 360.Deploy.0 = Release|Xbox 360
		{DDFED2B3-DDA2-4F74-A04F-B49470055DE6}.Release|Zune.ActiveCfg = Release|Xbox 360
		{BFB9813C-D670-4474-808A-9C65E4CE7936}.Debug|Any CPU.ActiveCfg = Debug|x86
		{BFB9813C-D670-4474-808A-9C65E4CE7936}.Debug|Mixed Platforms.ActiveCfg = Debug|x86
		{BFB9813C-D670-4474-808A-9C65E4CE7936}.Debug|x86.ActiveCfg = Debug|x86
		{BFB9813C-D670-4474-808A-9C65E4CE7936}.Debug|Xbox 360.ActiveCfg = Debug|x86
		{BFB9813C-D670-4474-808A-9C65E4CE7936}.Debug|Zune.ActiveCfg = Debug|x86
		{BFB9813C-D670-4474-808A-9C65E4CE7936}.Release|Any CPU.ActiveCfg = Release|x86
		{BFB9813C-D670-4474-808A-9C65E4CE7936}.Release|Mixed Platforms.ActiveCfg = Release|x86
		{BFB9813C-D670-4474-808A-9C65E4CE7936}.Release|x86.ActiveCfg = Release|x86
		{BFB9813C-D670-4474-808A-9C65E4CE7936}.Release|Xbox 360.ActiveCfg = Release|x86
		{BFB9813C-D670-4474-808A-9C65E4CE7936}.Release|Zune.ActiveCfg = Release|x86
		{C6F354EE-C511-4C14-9916-A730BBF5E63B}.Debug|Any CPU.ActiveCfg = Debug|x86
		{C6F354EE-C511-4C14-9916-A730BBF5E63B}.Debug|Mixed Platforms.ActiveCfg = Debug|x86
		{C6F354EE-C511-4C14-9916-A730BBF5E63B}.Debug|x86.ActiveCfg = Debug|x86
		{C6F354EE-C511-4C14-9916-A730BBF5E63B}.Debug|Xbox 360.ActiveCfg = Debug|x86
		{C6F354EE-C511-4C14-9916-A730BBF5E63B}.Debug|Zune.ActiveCfg = Debug|x86
		{C6F354EE-C511-4C14-9916-A730BBF5E63B}.Release|Any CPU.ActiveCfg = Release|x86
		{C6F354EE-C511-4C14-9916-A730BBF5E63B}.Release|Mixed Platforms.ActiveCfg = Release|x86
		{C6F354EE-C511-4C14-9916-A730BBF5E63B}.Release|x86.ActiveCfg = Release|x86
		{C6F354EE-C511-4C14-9916-A730BBF5E63B}.Release|Xbox 360.ActiveCfg = Release|x86
		{C6F354EE-C511-4C14-9916-A730BBF5E63B}.Release|Zune.ActiveCfg = Release|x86
		{20D10B2B-CB27-4D68-B267-FD37BF028331}.Debug|Any CPU.ActiveCfg = Debug|x86
		{20D10B2B-CB27-4D68-B267-FD37BF028331}.Debug|Mixed Platforms.ActiveCfg = Debug|x86
		{20D10B2B-CB27-4D68-B267-FD37BF028331}.Debug|x86.ActiveCfg = Debug|x86
		{20D10B2B-CB27-4D68-B267-FD37BF028331}.Debug|Xbox 360.ActiveCfg = Debug|x86
		{20D10B2B-CB27-4D68-B267-FD37BF028331}.Debug|Zune.ActiveCfg = Debug|x86
		{20D10B2B-CB27-4D68-B267-FD37BF028331}.Release|Any CPU.ActiveCfg = Release|x86
		{20D10B2B-CB27-4D68-B267-FD37BF028331}.Release|Mixed Platforms.ActiveCfg = Release|x86
		{20D10B2B-CB27-4D68-B267-FD37BF028331}.Release|x86.ActiveCfg = Release|x86
		{20D10B2B-CB27-4D68-B267-FD37BF028331}.Release|Xbox 360.ActiveCfg = Release|x86
		{20D10B2B-CB27-4D68-B267-FD37BF028331}.Release|Zune.ActiveCfg = Release|x86
		{54783B2A-7919-4783-8737-736B7D5521A6}.Debug|Any CPU.ActiveCfg = Debug|x86
		{54783B2A-7919-4783-8737-736B7D5521A6}.Debug|Mixed Platforms.ActiveCfg = Debug|x86
		{54783B2A-7919-4783-8737-736B7D5521A6}.Debug|x86.ActiveCfg = Debug|x86
		{54783B2A-7919-4783-8737-736B7D5521A6}.Debug|Xbox 360.ActiveCfg = Debug|x86
		{54783B2A-7919-4783-8737-736B7D5521A6}.Debug|Zune.ActiveCfg = Debug|x86
		{54783B2A-7919-4783-8737-736B7D5521A6}.Release|Any CPU.ActiveCfg = Release|x86
		{54783B2A-7919-4783-8737-736B7D5521A6}.Release|Mixed Platforms.ActiveCfg = Release|x86
		{54783B2A-7919-4783-8737-736B7D5521A6}.Release|x86.ActiveCfg = Release|x86
		{54783B2A-7919-4783-8737-736B7D5521A6}.Release|Xbox 360.ActiveCfg = Release|x86
		{54783B2A-7919-4783-8737-736B7D5521A6}.Release|Zune.ActiveCfg = Release|x86
		{658C2D23-985A-4694-A97A-263553375F2D}.Debug|Any CPU.ActiveCfg = Debug|Any CPU
		{658C2D23-985A-4694-A97A-263553375F2D}.Debug|Any CPU.Build.0 = Debug|Any CPU
		{658C2D23-985A-4694-A97A-263553375F2D}.Debug|Mixed Platforms.ActiveCfg = Debug|Any CPU
		{658C2D23-985A-4694-A97A-263553375F2D}.Debug|Mixed Platforms.Build.0 = Debug|Any CPU
		{658C2D23-985A-4694-A97A-263553375F2D}.Debug|x86.ActiveCfg = Debug|Any CPU
		{658C2D23-985A-4694-A97A-263553375F2D}.Debug|Xbox 360.ActiveCfg = Debug|Any CPU
		{658C2D23-985A-4694-A97A-263553375F2D}.Debug|Zune.ActiveCfg = Debug|Any CPU
		{658C2D23-985A-4694-A97A-263553375F2D}.Release|Any CPU.ActiveCfg = Release|Any CPU
		{658C2D23-985A-4694-A97A-263553375F2D}.Release|Any CPU.Build.0 = Release|Any CPU
		{658C2D23-985A-4694-A97A-263553375F2D}.Release|Mixed Platforms.ActiveCfg = Release|Any CPU
		{658C2D23-985A-4694-A97A-263553375F2D}.Release|Mixed Platforms.Build.0 = Release|Any CPU
		{658C2D23-985A-4694-A97A-263553375F2D}.Release|x86.ActiveCfg = Release|Any CPU
		{658C2D23-985A-4694-A97A-263553375F2D}.Release|Xbox 360.ActiveCfg = Release|Any CPU
		{658C2D23-985A-4694-A97A-263553375F2D}.Release|Zune.ActiveCfg = Release|Any CPU
	EndGlobalSection
	GlobalSection(SolutionProperties) = preSolution
		HideSolutionNode = FALSE
	EndGlobalSection
EndGlobal
